
Microsoft Visual Studio Solution File, Format Version 12.00
# Visual Studio 2013
VisualStudioVersion = 12.0.30501.0
MinimumVisualStudioVersion = 10.0.40219.1
Project("{FAE04EC0-301F-11D3-BF4B-00C04F79EFBC}") = "01.ExchangeValuesOfTwoVariables", "ExchangeValuesOfTwoVariables\01.ExchangeValuesOfTwoVariables.csproj", "{BE759EA3-B544-4A58-A20D-8AFD6F513BE0}"
EndProject
Project("{FAE04EC0-301F-11D3-BF4B-00C04F79EFBC}") = "02.SignOfThreeRealNumbers", "SignOfThreeRealNumbers\02.SignOfThreeRealNumbers.csproj", "{B37A512A-C3D3-44E2-85A4-8EB94FD3C288}"
EndProject
Project("{FAE04EC0-301F-11D3-BF4B-00C04F79EFBC}") = "03.BiggestOfThreeIntegers", "BiggestOfThreeIntegers\03.BiggestOfThreeIntegers.csproj", "{F6D5A7E5-82A8-4722-8DDA-AF470F933E05}"
EndProject
Project("{FAE04EC0-301F-11D3-BF4B-00C04F79EFBC}") = "04.SortDescending", "SortDescending\04.SortDescending.csproj", "{9E1A929A-1028-4AF3-871A-90EF96119FD5}"
EndProject
Global
	GlobalSection(SolutionConfigurationPlatforms) = preSolution
		Debug|Any CPU = Debug|Any CPU
		Release|Any CPU = Release|Any CPU
	EndGlobalSection
	GlobalSection(ProjectConfigurationPlatforms) = postSolution
		{BE759EA3-B544-4A58-A20D-8AFD6F513BE0}.Debug|Any CPU.ActiveCfg = Debug|Any CPU
		{BE759EA3-B544-4A58-A20D-8AFD6F513BE0}.Debug|Any CPU.Build.0 = Debug|Any CPU
		{BE759EA3-B544-4A58-A20D-8AFD6F513BE0}.Release|Any CPU.ActiveCfg = Release|Any CPU
		{BE759EA3-B544-4A58-A20D-8AFD6F513BE0}.Release|Any CPU.Build.0 = Release|Any CPU
		{B37A512A-C3D3-44E2-85A4-8EB94FD3C288}.Debug|Any CPU.ActiveCfg = Debug|Any CPU
		{B37A512A-C3D3-44E2-85A4-8EB94FD3C288}.Debug|Any CPU.Build.0 = Debug|Any CPU
		{B37A512A-C3D3-44E2-85A4-8EB94FD3C288}.Release|Any CPU.ActiveCfg = Release|Any CPU
		{B37A512A-C3D3-44E2-85A4-8EB94FD3C288}.Release|Any CPU.Build.0 = Release|Any CPU
		{F6D5A7E5-82A8-4722-8DDA-AF470F933E05}.Debug|Any CPU.ActiveCfg = Debug|Any CPU
		{F6D5A7E5-82A8-4722-8DDA-AF470F933E05}.Debug|Any CPU.Build.0 = Debug|Any CPU
		{F6D5A7E5-82A8-4722-8DDA-AF470F933E05}.Release|Any CPU.ActiveCfg = Release|Any CPU
		{F6D5A7E5-82A8-4722-8DDA-AF470F933E05}.Release|Any CPU.Build.0 = Release|Any CPU
		{9E1A929A-1028-4AF3-871A-90EF96119FD5}.Debug|Any CPU.ActiveCfg = Debug|Any CPU
		{9E1A929A-1028-4AF3-871A-90EF96119FD5}.Debug|Any CPU.Build.0 = Debug|Any CPU
		{9E1A929A-1028-4AF3-871A-90EF96119FD5}.Release|Any CPU.ActiveCfg = Release|Any CPU
		{9E1A929A-1028-4AF3-871A-90EF96119FD5}.Release|Any CPU.Build.0 = Release|Any CPU
	EndGlobalSection
	GlobalSection(SolutionProperties) = preSolution
		HideSolutionNode = FALSE
	EndGlobalSection
EndGlobal
